{
  "version": 4,
  "terraform_version": "1.11.3",
  "serial": 31,
  "lineage": "e245597d-2119-9755-862a-79908b21c833",
  "outputs": {
    "create_machines_txt_command": {
      "value": "echo '10.240.0.5 server.kubernetes.local server\n10.240.0.4 node-0.kubernetes.local node-0 10.200.0.0/24\n10.240.0.3 node-1.kubernetes.local node-1 10.200.1.0/24' \u003e machines.txt",
      "type": "string"
    },
    "instance_external_ips": {
      "value": {
        "jumpbox": "34.173.135.130",
        "node-0": "34.72.169.157",
        "node-1": "34.30.238.189",
        "server": "34.10.234.65"
      },
      "type": [
        "object",
        {
          "jumpbox": "string",
          "node-0": "string",
          "node-1": "string",
          "server": "string"
        }
      ]
    },
    "instance_internal_ips": {
      "value": {
        "jumpbox": "10.240.0.2",
        "node-0": "10.240.0.4",
        "node-1": "10.240.0.3",
        "server": "10.240.0.5"
      },
      "type": [
        "object",
        {
          "jumpbox": "string",
          "node-0": "string",
          "node-1": "string",
          "server": "string"
        }
      ]
    },
    "machines_txt_content": {
      "value": "10.240.0.5 server.kubernetes.local server\n10.240.0.4 node-0.kubernetes.local node-0 10.200.0.0/24\n10.240.0.3 node-1.kubernetes.local node-1 10.200.1.0/24",
      "type": "string"
    },
    "pod_cidr_blocks": {
      "value": {
        "node-0": "10.200.0.0/24",
        "node-1": "10.200.1.0/24"
      },
      "type": [
        "object",
        {
          "node-0": "string",
          "node-1": "string"
        }
      ]
    },
    "ssh_commands": {
      "value": {
        "jumpbox": "ssh kubernetes@34.173.135.130",
        "node-0": "ssh kubernetes@34.72.169.157",
        "node-1": "ssh kubernetes@34.30.238.189",
        "server": "ssh kubernetes@34.10.234.65"
      },
      "type": [
        "object",
        {
          "jumpbox": "string",
          "node-0": "string",
          "node-1": "string",
          "server": "string"
        }
      ]
    },
    "worker_count": {
      "value": 2,
      "type": "number"
    }
  },
  "resources": [
    {
      "module": "module.firewall",
      "mode": "managed",
      "type": "google_compute_firewall",
      "name": "kubernetes_api",
      "provider": "provider[\"registry.terraform.io/hashicorp/google\"]",
      "instances": [
        {
          "schema_version": 1,
          "attributes": {
            "allow": [
              {
                "ports": [
                  "6443"
                ],
                "protocol": "tcp"
              }
            ],
            "creation_timestamp": "2025-04-23T08:45:14.402-07:00",
            "deny": [],
            "description": "",
            "destination_ranges": [],
            "direction": "INGRESS",
            "disabled": false,
            "enable_logging": null,
            "id": "projects/scalewithlee/global/firewalls/kubernetes-api",
            "log_config": [],
            "name": "kubernetes-api",
            "network": "https://www.googleapis.com/compute/v1/projects/scalewithlee/global/networks/kubernetes-the-hard-way",
            "priority": 1000,
            "project": "scalewithlee",
            "self_link": "https://www.googleapis.com/compute/v1/projects/scalewithlee/global/firewalls/kubernetes-api",
            "source_ranges": [
              "0.0.0.0/0"
            ],
            "source_service_accounts": null,
            "source_tags": null,
            "target_service_accounts": null,
            "target_tags": null,
            "timeouts": null
          },
          "sensitive_attributes": [],
          "private": "eyJlMmJmYjczMC1lY2FhLTExZTYtOGY4OC0zNDM2M2JjN2M0YzAiOnsiY3JlYXRlIjoxMjAwMDAwMDAwMDAwLCJkZWxldGUiOjEyMDAwMDAwMDAwMDAsInVwZGF0ZSI6MTIwMDAwMDAwMDAwMH0sInNjaGVtYV92ZXJzaW9uIjoiMSJ9",
          "dependencies": [
            "module.network.google_compute_network.kubernetes_network"
          ]
        }
      ]
    },
    {
      "module": "module.firewall",
      "mode": "managed",
      "type": "google_compute_firewall",
      "name": "kubernetes_external",
      "provider": "provider[\"registry.terraform.io/hashicorp/google\"]",
      "instances": [
        {
          "schema_version": 1,
          "attributes": {
            "allow": [
              {
                "ports": [
                  "22"
                ],
                "protocol": "tcp"
              }
            ],
            "creation_timestamp": "2025-04-23T08:45:14.522-07:00",
            "deny": [],
            "description": "",
            "destination_ranges": [],
            "direction": "INGRESS",
            "disabled": false,
            "enable_logging": null,
            "id": "projects/scalewithlee/global/firewalls/kubernetes-external",
            "log_config": [],
            "name": "kubernetes-external",
            "network": "https://www.googleapis.com/compute/v1/projects/scalewithlee/global/networks/kubernetes-the-hard-way",
            "priority": 1000,
            "project": "scalewithlee",
            "self_link": "https://www.googleapis.com/compute/v1/projects/scalewithlee/global/firewalls/kubernetes-external",
            "source_ranges": [
              "0.0.0.0/0"
            ],
            "source_service_accounts": null,
            "source_tags": null,
            "target_service_accounts": null,
            "target_tags": null,
            "timeouts": null
          },
          "sensitive_attributes": [],
          "private": "eyJlMmJmYjczMC1lY2FhLTExZTYtOGY4OC0zNDM2M2JjN2M0YzAiOnsiY3JlYXRlIjoxMjAwMDAwMDAwMDAwLCJkZWxldGUiOjEyMDAwMDAwMDAwMDAsInVwZGF0ZSI6MTIwMDAwMDAwMDAwMH0sInNjaGVtYV92ZXJzaW9uIjoiMSJ9",
          "dependencies": [
            "module.network.google_compute_network.kubernetes_network"
          ]
        }
      ]
    },
    {
      "module": "module.firewall",
      "mode": "managed",
      "type": "google_compute_firewall",
      "name": "kubernetes_internal",
      "provider": "provider[\"registry.terraform.io/hashicorp/google\"]",
      "instances": [
        {
          "schema_version": 1,
          "attributes": {
            "allow": [
              {
                "ports": [],
                "protocol": "icmp"
              },
              {
                "ports": [],
                "protocol": "tcp"
              },
              {
                "ports": [],
                "protocol": "udp"
              }
            ],
            "creation_timestamp": "2025-04-23T08:45:14.386-07:00",
            "deny": [],
            "description": "",
            "destination_ranges": [],
            "direction": "INGRESS",
            "disabled": false,
            "enable_logging": null,
            "id": "projects/scalewithlee/global/firewalls/kubernetes-internal",
            "log_config": [],
            "name": "kubernetes-internal",
            "network": "https://www.googleapis.com/compute/v1/projects/scalewithlee/global/networks/kubernetes-the-hard-way",
            "priority": 1000,
            "project": "scalewithlee",
            "self_link": "https://www.googleapis.com/compute/v1/projects/scalewithlee/global/firewalls/kubernetes-internal",
            "source_ranges": [
              "10.240.0.0/24"
            ],
            "source_service_accounts": null,
            "source_tags": null,
            "target_service_accounts": null,
            "target_tags": null,
            "timeouts": null
          },
          "sensitive_attributes": [],
          "private": "eyJlMmJmYjczMC1lY2FhLTExZTYtOGY4OC0zNDM2M2JjN2M0YzAiOnsiY3JlYXRlIjoxMjAwMDAwMDAwMDAwLCJkZWxldGUiOjEyMDAwMDAwMDAwMDAsInVwZGF0ZSI6MTIwMDAwMDAwMDAwMH0sInNjaGVtYV92ZXJzaW9uIjoiMSJ9",
          "dependencies": [
            "module.network.google_compute_network.kubernetes_network"
          ]
        }
      ]
    },
    {
      "module": "module.instances",
      "mode": "data",
      "type": "local_file",
      "name": "ssh_public_key",
      "provider": "provider[\"registry.terraform.io/hashicorp/local\"]",
      "instances": [
        {
          "schema_version": 0,
          "attributes": {
            "content": "ssh-rsa AAAAB3NzaC1yc2EAAAADAQABAAACAQD0fLBwZPe6QFVjIrLFV6J7NBAcq7RUYdcnpSmKmOElmy3hu8Qjl+rvTnQzrM7gY53joFHYAyp9ohP3XOLTRlYIFQ/VWEJmhg17/SthBLdwB4Xf6prpsOU6wfMpIUI85mns94qy9iM/VUBMI1NFzdLMx4EqM5M7fi43K1J/0ciJ6H+ETl62okQDgjwlUF3t4eVSp5pYuM1JARwKLLlDk4hIFJv2giF4fYb0JBeTOocfcYHdGPWfezM+25wNw5Nqre5iPAnU9or9fGUu+yPZai8MCg99S+zVc+cjsMe3TSFeACJmRdNvHCVMEV6J4HALlLPeu8ozOskYscZxuqEJGS4RG8LCsyusn7kAl8RZQf8Z6Bn/XVOVBS+aiDHSx9amOd95D4O5cmqe1bTzC3yiTDvtIM5tRXSNEcx7HBeeBV6/VAAxfukhRNqWjl9eHTyVBjN5byqHPiCWJwbQ0p07ngssmNNa+0xR+PaT1Ob5JDBuBYzI6CRo27IBkt9bhXjo8gHF0WfESHvPXyMgsE3KxBLoDv2Dl4jRFOlB7OnGoDrtQCfROUtFuaXLRomlySNuAkLzN5aaiDOCRkZSWHqjJ9oknxcyMD455rVlrmy/PRF0GtjSkVA6bh1MwIjUg7E3VPEI0BYYvx7+80/H82b3MBeacjc13gOpsCAkucfsofaTJw== leetgaines@gmail.com\n",
            "content_base64": "c3NoLXJzYSBBQUFBQjNOemFDMXljMkVBQUFBREFRQUJBQUFDQVFEMGZMQndaUGU2UUZWaklyTEZWNko3TkJBY3E3UlVZZGNucFNtS21PRWxteTNodThRamwrcnZUblF6ck03Z1k1M2pvRkhZQXlwOW9oUDNYT0xUUmxZSUZRL1ZXRUptaGcxNy9TdGhCTGR3QjRYZjZwcnBzT1U2d2ZNcElVSTg1bW5zOTRxeTlpTS9WVUJNSTFORnpkTE14NEVxTTVNN2ZpNDNLMUovMGNpSjZIK0VUbDYyb2tRRGdqd2xVRjN0NGVWU3A1cFl1TTFKQVJ3S0xMbERrNGhJRkp2MmdpRjRmWWIwSkJlVE9vY2ZjWUhkR1BXZmV6TSsyNXdOdzVOcXJlNWlQQW5VOW9yOWZHVXUreVBaYWk4TUNnOTlTK3pWYytjanNNZTNUU0ZlQUNKbVJkTnZIQ1ZNRVY2SjRIQUxsTFBldThvek9za1lzY1p4dXFFSkdTNFJHOExDc3l1c243a0FsOFJaUWY4WjZCbi9YVk9WQlMrYWlESFN4OWFtT2Q5NUQ0TzVjbXFlMWJUekMzeWlURHZ0SU01dFJYU05FY3g3SEJlZUJWNi9WQUF4ZnVraFJOcVdqbDllSFR5VkJqTjVieXFIUGlDV0p3YlEwcDA3bmdzc21OTmErMHhSK1BhVDFPYjVKREJ1Qll6STZDUm8yN0lCa3Q5YmhYam84Z0hGMFdmRVNIdlBYeU1nc0UzS3hCTG9EdjJEbDRqUkZPbEI3T25Hb0RydFFDZlJPVXRGdWFYTFJvbWx5U051QWtMek41YWFpRE9DUmtaU1dIcWpKOW9rbnhjeU1ENDU1clZscm15L1BSRjBHdGpTa1ZBNmJoMU13SWpVZzdFM1ZQRUkwQllZdng3KzgwL0g4MmIzTUJlYWNqYzEzZ09wc0NBa3VjZnNvZmFUSnc9PSBsZWV0Z2FpbmVzQGdtYWlsLmNvbQo=",
            "content_base64sha256": "LQZpUFo2JYYkRpli+YXvvFpBht9yRHhwBmgTfvvGvrM=",
            "content_base64sha512": "3h+pg8ZRnVApteSZqF5l/XdzvZFVx7XBDs5UtLtfz5nh9SNwWrC+BAJHdBiq33NFGYwTQAg/kRMcP81VW02dIA==",
            "content_md5": "ee0b2c26994732d066a49cfa72c1d6d3",
            "content_sha1": "7bb3a1c45ea7f5721c0e5ab3c13e9e3828c864a2",
            "content_sha256": "2d0669505a36258624469962f985efbc5a4186df724478700668137efbc6beb3",
            "content_sha512": "de1fa983c6519d5029b5e499a85e65fd7773bd9155c7b5c10ece54b4bb5fcf99e1f523705ab0be0402477418aadf7345198c1340083f91131c3fcd555b4d9d20",
            "filename": "/Users/lee/.ssh/id_rsa.pub",
            "id": "7bb3a1c45ea7f5721c0e5ab3c13e9e3828c864a2"
          },
          "sensitive_attributes": []
        }
      ]
    },
    {
      "module": "module.instances",
      "mode": "managed",
      "type": "google_compute_instance",
      "name": "vm_instances",
      "provider": "provider[\"registry.terraform.io/hashicorp/google\"]",
      "instances": [
        {
          "index_key": "jumpbox",
          "schema_version": 6,
          "attributes": {
            "advanced_machine_features": [],
            "allow_stopping_for_update": true,
            "attached_disk": [],
            "boot_disk": [
              {
                "auto_delete": true,
                "device_name": "persistent-disk-0",
                "disk_encryption_key_raw": "",
                "disk_encryption_key_rsa": "",
                "disk_encryption_key_sha256": "",
                "disk_encryption_service_account": "",
                "guest_os_features": [
                  "UEFI_COMPATIBLE",
                  "VIRTIO_SCSI_MULTIQUEUE",
                  "GVNIC",
                  "SEV_CAPABLE",
                  "SEV_LIVE_MIGRATABLE_V2"
                ],
                "initialize_params": [
                  {
                    "architecture": "X86_64",
                    "enable_confidential_compute": false,
                    "image": "https://www.googleapis.com/compute/v1/projects/debian-cloud/global/images/debian-12-bookworm-v20250415",
                    "labels": {},
                    "provisioned_iops": 0,
                    "provisioned_throughput": 0,
                    "resource_manager_tags": null,
                    "resource_policies": [],
                    "size": 10,
                    "snapshot": "",
                    "source_image_encryption_key": [],
                    "source_snapshot_encryption_key": [],
                    "storage_pool": "",
                    "type": "pd-standard"
                  }
                ],
                "interface": "",
                "kms_key_self_link": "",
                "mode": "READ_WRITE",
                "source": "https://www.googleapis.com/compute/v1/projects/scalewithlee/zones/us-central1-a/disks/jumpbox"
              }
            ],
            "can_ip_forward": true,
            "confidential_instance_config": [],
            "cpu_platform": "Intel Broadwell",
            "creation_timestamp": "2025-04-23T08:45:27.285-07:00",
            "current_status": "RUNNING",
            "deletion_protection": false,
            "description": "",
            "desired_status": null,
            "effective_labels": {
              "goog-terraform-provisioned": "true"
            },
            "enable_display": false,
            "guest_accelerator": [],
            "hostname": "",
            "id": "projects/scalewithlee/zones/us-central1-a/instances/jumpbox",
            "instance_encryption_key": [],
            "instance_id": "5903640341934028280",
            "key_revocation_action_type": "",
            "label_fingerprint": "vezUS-42LLM=",
            "labels": null,
            "machine_type": "e2-micro",
            "metadata": {
              "ssh-keys": "kubernetes:ssh-rsa AAAAB3NzaC1yc2EAAAADAQABAAACAQD0fLBwZPe6QFVjIrLFV6J7NBAcq7RUYdcnpSmKmOElmy3hu8Qjl+rvTnQzrM7gY53joFHYAyp9ohP3XOLTRlYIFQ/VWEJmhg17/SthBLdwB4Xf6prpsOU6wfMpIUI85mns94qy9iM/VUBMI1NFzdLMx4EqM5M7fi43K1J/0ciJ6H+ETl62okQDgjwlUF3t4eVSp5pYuM1JARwKLLlDk4hIFJv2giF4fYb0JBeTOocfcYHdGPWfezM+25wNw5Nqre5iPAnU9or9fGUu+yPZai8MCg99S+zVc+cjsMe3TSFeACJmRdNvHCVMEV6J4HALlLPeu8ozOskYscZxuqEJGS4RG8LCsyusn7kAl8RZQf8Z6Bn/XVOVBS+aiDHSx9amOd95D4O5cmqe1bTzC3yiTDvtIM5tRXSNEcx7HBeeBV6/VAAxfukhRNqWjl9eHTyVBjN5byqHPiCWJwbQ0p07ngssmNNa+0xR+PaT1Ob5JDBuBYzI6CRo27IBkt9bhXjo8gHF0WfESHvPXyMgsE3KxBLoDv2Dl4jRFOlB7OnGoDrtQCfROUtFuaXLRomlySNuAkLzN5aaiDOCRkZSWHqjJ9oknxcyMD455rVlrmy/PRF0GtjSkVA6bh1MwIjUg7E3VPEI0BYYvx7+80/H82b3MBeacjc13gOpsCAkucfsofaTJw== leetgaines@gmail.com\n"
            },
            "metadata_fingerprint": "2Kw9Vi_QkDY=",
            "metadata_startup_script": null,
            "min_cpu_platform": "",
            "name": "jumpbox",
            "network_interface": [
              {
                "access_config": [
                  {
                    "nat_ip": "34.173.135.130",
                    "network_tier": "PREMIUM",
                    "public_ptr_domain_name": ""
                  }
                ],
                "alias_ip_range": [],
                "internal_ipv6_prefix_length": 0,
                "ipv6_access_config": [],
                "ipv6_access_type": "",
                "ipv6_address": "",
                "name": "nic0",
                "network": "https://www.googleapis.com/compute/v1/projects/scalewithlee/global/networks/kubernetes-the-hard-way",
                "network_attachment": "",
                "network_ip": "10.240.0.2",
                "nic_type": "",
                "queue_count": 0,
                "stack_type": "IPV4_ONLY",
                "subnetwork": "https://www.googleapis.com/compute/v1/projects/scalewithlee/regions/us-central1/subnetworks/kubernetes-the-hard-way-subnet",
                "subnetwork_project": "scalewithlee"
              }
            ],
            "network_performance_config": [],
            "params": [],
            "project": "scalewithlee",
            "reservation_affinity": [],
            "resource_policies": null,
            "scheduling": [
              {
                "automatic_restart": true,
                "availability_domain": 0,
                "instance_termination_action": "",
                "local_ssd_recovery_timeout": [],
                "max_run_duration": [],
                "min_node_cpus": 0,
                "node_affinities": [],
                "on_host_maintenance": "MIGRATE",
                "on_instance_stop_action": [],
                "preemptible": false,
                "provisioning_model": "STANDARD",
                "termination_time": ""
              }
            ],
            "scratch_disk": [],
            "self_link": "https://www.googleapis.com/compute/v1/projects/scalewithlee/zones/us-central1-a/instances/jumpbox",
            "service_account": [],
            "shielded_instance_config": [
              {
                "enable_integrity_monitoring": true,
                "enable_secure_boot": false,
                "enable_vtpm": true
              }
            ],
            "tags": [
              "jumpbox"
            ],
            "tags_fingerprint": "q5sVPqgssFA=",
            "terraform_labels": {
              "goog-terraform-provisioned": "true"
            },
            "timeouts": null,
            "zone": "us-central1-a"
          },
          "sensitive_attributes": [
            [
              {
                "type": "get_attr",
                "value": "boot_disk"
              },
              {
                "type": "index",
                "value": {
                  "value": 0,
                  "type": "number"
                }
              },
              {
                "type": "get_attr",
                "value": "disk_encryption_key_rsa"
              }
            ],
            [
              {
                "type": "get_attr",
                "value": "boot_disk"
              },
              {
                "type": "index",
                "value": {
                  "value": 0,
                  "type": "number"
                }
              },
              {
                "type": "get_attr",
                "value": "disk_encryption_key_raw"
              }
            ]
          ],
          "private": "eyJlMmJmYjczMC1lY2FhLTExZTYtOGY4OC0zNDM2M2JjN2M0YzAiOnsiY3JlYXRlIjoxMjAwMDAwMDAwMDAwLCJkZWxldGUiOjEyMDAwMDAwMDAwMDAsInVwZGF0ZSI6MTIwMDAwMDAwMDAwMH0sInNjaGVtYV92ZXJzaW9uIjoiNiJ9",
          "dependencies": [
            "module.instances.data.local_file.ssh_public_key",
            "module.network.google_compute_network.kubernetes_network",
            "module.network.google_compute_subnetwork.kubernetes_subnet"
          ]
        },
        {
          "index_key": "node-0",
          "schema_version": 6,
          "attributes": {
            "advanced_machine_features": [],
            "allow_stopping_for_update": true,
            "attached_disk": [],
            "boot_disk": [
              {
                "auto_delete": true,
                "device_name": "persistent-disk-0",
                "disk_encryption_key_raw": "",
                "disk_encryption_key_rsa": "",
                "disk_encryption_key_sha256": "",
                "disk_encryption_service_account": "",
                "guest_os_features": [
                  "UEFI_COMPATIBLE",
                  "VIRTIO_SCSI_MULTIQUEUE",
                  "GVNIC",
                  "SEV_CAPABLE",
                  "SEV_LIVE_MIGRATABLE_V2"
                ],
                "initialize_params": [
                  {
                    "architecture": "X86_64",
                    "enable_confidential_compute": false,
                    "image": "https://www.googleapis.com/compute/v1/projects/debian-cloud/global/images/debian-12-bookworm-v20250415",
                    "labels": {},
                    "provisioned_iops": 0,
                    "provisioned_throughput": 0,
                    "resource_manager_tags": null,
                    "resource_policies": [],
                    "size": 20,
                    "snapshot": "",
                    "source_image_encryption_key": [],
                    "source_snapshot_encryption_key": [],
                    "storage_pool": "",
                    "type": "pd-standard"
                  }
                ],
                "interface": "",
                "kms_key_self_link": "",
                "mode": "READ_WRITE",
                "source": "https://www.googleapis.com/compute/v1/projects/scalewithlee/zones/us-central1-a/disks/node-0"
              }
            ],
            "can_ip_forward": true,
            "confidential_instance_config": [],
            "cpu_platform": "Intel Broadwell",
            "creation_timestamp": "2025-04-23T08:45:28.036-07:00",
            "current_status": "RUNNING",
            "deletion_protection": false,
            "description": "",
            "desired_status": null,
            "effective_labels": {
              "goog-terraform-provisioned": "true"
            },
            "enable_display": false,
            "guest_accelerator": [],
            "hostname": "",
            "id": "projects/scalewithlee/zones/us-central1-a/instances/node-0",
            "instance_encryption_key": [],
            "instance_id": "3648605971198293496",
            "key_revocation_action_type": "",
            "label_fingerprint": "vezUS-42LLM=",
            "labels": null,
            "machine_type": "e2-small",
            "metadata": {
              "pod-cidr": "10.200.0.0/24",
              "ssh-keys": "kubernetes:ssh-rsa AAAAB3NzaC1yc2EAAAADAQABAAACAQD0fLBwZPe6QFVjIrLFV6J7NBAcq7RUYdcnpSmKmOElmy3hu8Qjl+rvTnQzrM7gY53joFHYAyp9ohP3XOLTRlYIFQ/VWEJmhg17/SthBLdwB4Xf6prpsOU6wfMpIUI85mns94qy9iM/VUBMI1NFzdLMx4EqM5M7fi43K1J/0ciJ6H+ETl62okQDgjwlUF3t4eVSp5pYuM1JARwKLLlDk4hIFJv2giF4fYb0JBeTOocfcYHdGPWfezM+25wNw5Nqre5iPAnU9or9fGUu+yPZai8MCg99S+zVc+cjsMe3TSFeACJmRdNvHCVMEV6J4HALlLPeu8ozOskYscZxuqEJGS4RG8LCsyusn7kAl8RZQf8Z6Bn/XVOVBS+aiDHSx9amOd95D4O5cmqe1bTzC3yiTDvtIM5tRXSNEcx7HBeeBV6/VAAxfukhRNqWjl9eHTyVBjN5byqHPiCWJwbQ0p07ngssmNNa+0xR+PaT1Ob5JDBuBYzI6CRo27IBkt9bhXjo8gHF0WfESHvPXyMgsE3KxBLoDv2Dl4jRFOlB7OnGoDrtQCfROUtFuaXLRomlySNuAkLzN5aaiDOCRkZSWHqjJ9oknxcyMD455rVlrmy/PRF0GtjSkVA6bh1MwIjUg7E3VPEI0BYYvx7+80/H82b3MBeacjc13gOpsCAkucfsofaTJw== leetgaines@gmail.com\n"
            },
            "metadata_fingerprint": "s5YejZQoPFI=",
            "metadata_startup_script": null,
            "min_cpu_platform": "",
            "name": "node-0",
            "network_interface": [
              {
                "access_config": [
                  {
                    "nat_ip": "34.72.169.157",
                    "network_tier": "PREMIUM",
                    "public_ptr_domain_name": ""
                  }
                ],
                "alias_ip_range": [],
                "internal_ipv6_prefix_length": 0,
                "ipv6_access_config": [],
                "ipv6_access_type": "",
                "ipv6_address": "",
                "name": "nic0",
                "network": "https://www.googleapis.com/compute/v1/projects/scalewithlee/global/networks/kubernetes-the-hard-way",
                "network_attachment": "",
                "network_ip": "10.240.0.4",
                "nic_type": "",
                "queue_count": 0,
                "stack_type": "IPV4_ONLY",
                "subnetwork": "https://www.googleapis.com/compute/v1/projects/scalewithlee/regions/us-central1/subnetworks/kubernetes-the-hard-way-subnet",
                "subnetwork_project": "scalewithlee"
              }
            ],
            "network_performance_config": [],
            "params": [],
            "project": "scalewithlee",
            "reservation_affinity": [],
            "resource_policies": null,
            "scheduling": [
              {
                "automatic_restart": true,
                "availability_domain": 0,
                "instance_termination_action": "",
                "local_ssd_recovery_timeout": [],
                "max_run_duration": [],
                "min_node_cpus": 0,
                "node_affinities": [],
                "on_host_maintenance": "MIGRATE",
                "on_instance_stop_action": [],
                "preemptible": false,
                "provisioning_model": "STANDARD",
                "termination_time": ""
              }
            ],
            "scratch_disk": [],
            "self_link": "https://www.googleapis.com/compute/v1/projects/scalewithlee/zones/us-central1-a/instances/node-0",
            "service_account": [],
            "shielded_instance_config": [
              {
                "enable_integrity_monitoring": true,
                "enable_secure_boot": false,
                "enable_vtpm": true
              }
            ],
            "tags": [
              "worker"
            ],
            "tags_fingerprint": "uvqiNQvnefU=",
            "terraform_labels": {
              "goog-terraform-provisioned": "true"
            },
            "timeouts": null,
            "zone": "us-central1-a"
          },
          "sensitive_attributes": [
            [
              {
                "type": "get_attr",
                "value": "boot_disk"
              },
              {
                "type": "index",
                "value": {
                  "value": 0,
                  "type": "number"
                }
              },
              {
                "type": "get_attr",
                "value": "disk_encryption_key_raw"
              }
            ],
            [
              {
                "type": "get_attr",
                "value": "boot_disk"
              },
              {
                "type": "index",
                "value": {
                  "value": 0,
                  "type": "number"
                }
              },
              {
                "type": "get_attr",
                "value": "disk_encryption_key_rsa"
              }
            ]
          ],
          "private": "eyJlMmJmYjczMC1lY2FhLTExZTYtOGY4OC0zNDM2M2JjN2M0YzAiOnsiY3JlYXRlIjoxMjAwMDAwMDAwMDAwLCJkZWxldGUiOjEyMDAwMDAwMDAwMDAsInVwZGF0ZSI6MTIwMDAwMDAwMDAwMH0sInNjaGVtYV92ZXJzaW9uIjoiNiJ9",
          "dependencies": [
            "module.instances.data.local_file.ssh_public_key",
            "module.network.google_compute_network.kubernetes_network",
            "module.network.google_compute_subnetwork.kubernetes_subnet"
          ]
        },
        {
          "index_key": "node-1",
          "schema_version": 6,
          "attributes": {
            "advanced_machine_features": [],
            "allow_stopping_for_update": true,
            "attached_disk": [],
            "boot_disk": [
              {
                "auto_delete": true,
                "device_name": "persistent-disk-0",
                "disk_encryption_key_raw": "",
                "disk_encryption_key_rsa": "",
                "disk_encryption_key_sha256": "",
                "disk_encryption_service_account": "",
                "guest_os_features": [
                  "UEFI_COMPATIBLE",
                  "VIRTIO_SCSI_MULTIQUEUE",
                  "GVNIC",
                  "SEV_CAPABLE",
                  "SEV_LIVE_MIGRATABLE_V2"
                ],
                "initialize_params": [
                  {
                    "architecture": "X86_64",
                    "enable_confidential_compute": false,
                    "image": "https://www.googleapis.com/compute/v1/projects/debian-cloud/global/images/debian-12-bookworm-v20250415",
                    "labels": {},
                    "provisioned_iops": 0,
                    "provisioned_throughput": 0,
                    "resource_manager_tags": null,
                    "resource_policies": [],
                    "size": 20,
                    "snapshot": "",
                    "source_image_encryption_key": [],
                    "source_snapshot_encryption_key": [],
                    "storage_pool": "",
                    "type": "pd-standard"
                  }
                ],
                "interface": "",
                "kms_key_self_link": "",
                "mode": "READ_WRITE",
                "source": "https://www.googleapis.com/compute/v1/projects/scalewithlee/zones/us-central1-a/disks/node-1"
              }
            ],
            "can_ip_forward": true,
            "confidential_instance_config": [],
            "cpu_platform": "Intel Broadwell",
            "creation_timestamp": "2025-04-23T08:45:27.539-07:00",
            "current_status": "RUNNING",
            "deletion_protection": false,
            "description": "",
            "desired_status": null,
            "effective_labels": {
              "goog-terraform-provisioned": "true"
            },
            "enable_display": false,
            "guest_accelerator": [],
            "hostname": "",
            "id": "projects/scalewithlee/zones/us-central1-a/instances/node-1",
            "instance_encryption_key": [],
            "instance_id": "2781158306962781688",
            "key_revocation_action_type": "",
            "label_fingerprint": "vezUS-42LLM=",
            "labels": null,
            "machine_type": "e2-small",
            "metadata": {
              "pod-cidr": "10.200.1.0/24",
              "ssh-keys": "kubernetes:ssh-rsa AAAAB3NzaC1yc2EAAAADAQABAAACAQD0fLBwZPe6QFVjIrLFV6J7NBAcq7RUYdcnpSmKmOElmy3hu8Qjl+rvTnQzrM7gY53joFHYAyp9ohP3XOLTRlYIFQ/VWEJmhg17/SthBLdwB4Xf6prpsOU6wfMpIUI85mns94qy9iM/VUBMI1NFzdLMx4EqM5M7fi43K1J/0ciJ6H+ETl62okQDgjwlUF3t4eVSp5pYuM1JARwKLLlDk4hIFJv2giF4fYb0JBeTOocfcYHdGPWfezM+25wNw5Nqre5iPAnU9or9fGUu+yPZai8MCg99S+zVc+cjsMe3TSFeACJmRdNvHCVMEV6J4HALlLPeu8ozOskYscZxuqEJGS4RG8LCsyusn7kAl8RZQf8Z6Bn/XVOVBS+aiDHSx9amOd95D4O5cmqe1bTzC3yiTDvtIM5tRXSNEcx7HBeeBV6/VAAxfukhRNqWjl9eHTyVBjN5byqHPiCWJwbQ0p07ngssmNNa+0xR+PaT1Ob5JDBuBYzI6CRo27IBkt9bhXjo8gHF0WfESHvPXyMgsE3KxBLoDv2Dl4jRFOlB7OnGoDrtQCfROUtFuaXLRomlySNuAkLzN5aaiDOCRkZSWHqjJ9oknxcyMD455rVlrmy/PRF0GtjSkVA6bh1MwIjUg7E3VPEI0BYYvx7+80/H82b3MBeacjc13gOpsCAkucfsofaTJw== leetgaines@gmail.com\n"
            },
            "metadata_fingerprint": "VoyWM6U28bw=",
            "metadata_startup_script": null,
            "min_cpu_platform": "",
            "name": "node-1",
            "network_interface": [
              {
                "access_config": [
                  {
                    "nat_ip": "34.30.238.189",
                    "network_tier": "PREMIUM",
                    "public_ptr_domain_name": ""
                  }
                ],
                "alias_ip_range": [],
                "internal_ipv6_prefix_length": 0,
                "ipv6_access_config": [],
                "ipv6_access_type": "",
                "ipv6_address": "",
                "name": "nic0",
                "network": "https://www.googleapis.com/compute/v1/projects/scalewithlee/global/networks/kubernetes-the-hard-way",
                "network_attachment": "",
                "network_ip": "10.240.0.3",
                "nic_type": "",
                "queue_count": 0,
                "stack_type": "IPV4_ONLY",
                "subnetwork": "https://www.googleapis.com/compute/v1/projects/scalewithlee/regions/us-central1/subnetworks/kubernetes-the-hard-way-subnet",
                "subnetwork_project": "scalewithlee"
              }
            ],
            "network_performance_config": [],
            "params": [],
            "project": "scalewithlee",
            "reservation_affinity": [],
            "resource_policies": null,
            "scheduling": [
              {
                "automatic_restart": true,
                "availability_domain": 0,
                "instance_termination_action": "",
                "local_ssd_recovery_timeout": [],
                "max_run_duration": [],
                "min_node_cpus": 0,
                "node_affinities": [],
                "on_host_maintenance": "MIGRATE",
                "on_instance_stop_action": [],
                "preemptible": false,
                "provisioning_model": "STANDARD",
                "termination_time": ""
              }
            ],
            "scratch_disk": [],
            "self_link": "https://www.googleapis.com/compute/v1/projects/scalewithlee/zones/us-central1-a/instances/node-1",
            "service_account": [],
            "shielded_instance_config": [
              {
                "enable_integrity_monitoring": true,
                "enable_secure_boot": false,
                "enable_vtpm": true
              }
            ],
            "tags": [
              "worker"
            ],
            "tags_fingerprint": "uvqiNQvnefU=",
            "terraform_labels": {
              "goog-terraform-provisioned": "true"
            },
            "timeouts": null,
            "zone": "us-central1-a"
          },
          "sensitive_attributes": [
            [
              {
                "type": "get_attr",
                "value": "boot_disk"
              },
              {
                "type": "index",
                "value": {
                  "value": 0,
                  "type": "number"
                }
              },
              {
                "type": "get_attr",
                "value": "disk_encryption_key_raw"
              }
            ],
            [
              {
                "type": "get_attr",
                "value": "boot_disk"
              },
              {
                "type": "index",
                "value": {
                  "value": 0,
                  "type": "number"
                }
              },
              {
                "type": "get_attr",
                "value": "disk_encryption_key_rsa"
              }
            ]
          ],
          "private": "eyJlMmJmYjczMC1lY2FhLTExZTYtOGY4OC0zNDM2M2JjN2M0YzAiOnsiY3JlYXRlIjoxMjAwMDAwMDAwMDAwLCJkZWxldGUiOjEyMDAwMDAwMDAwMDAsInVwZGF0ZSI6MTIwMDAwMDAwMDAwMH0sInNjaGVtYV92ZXJzaW9uIjoiNiJ9",
          "dependencies": [
            "module.instances.data.local_file.ssh_public_key",
            "module.network.google_compute_network.kubernetes_network",
            "module.network.google_compute_subnetwork.kubernetes_subnet"
          ]
        },
        {
          "index_key": "server",
          "schema_version": 6,
          "attributes": {
            "advanced_machine_features": [],
            "allow_stopping_for_update": true,
            "attached_disk": [],
            "boot_disk": [
              {
                "auto_delete": true,
                "device_name": "persistent-disk-0",
                "disk_encryption_key_raw": "",
                "disk_encryption_key_rsa": "",
                "disk_encryption_key_sha256": "",
                "disk_encryption_service_account": "",
                "guest_os_features": [
                  "UEFI_COMPATIBLE",
                  "VIRTIO_SCSI_MULTIQUEUE",
                  "GVNIC",
                  "SEV_CAPABLE",
                  "SEV_LIVE_MIGRATABLE_V2"
                ],
                "initialize_params": [
                  {
                    "architecture": "X86_64",
                    "enable_confidential_compute": false,
                    "image": "https://www.googleapis.com/compute/v1/projects/debian-cloud/global/images/debian-12-bookworm-v20250415",
                    "labels": {},
                    "provisioned_iops": 0,
                    "provisioned_throughput": 0,
                    "resource_manager_tags": null,
                    "resource_policies": [],
                    "size": 20,
                    "snapshot": "",
                    "source_image_encryption_key": [],
                    "source_snapshot_encryption_key": [],
                    "storage_pool": "",
                    "type": "pd-standard"
                  }
                ],
                "interface": "",
                "kms_key_self_link": "",
                "mode": "READ_WRITE",
                "source": "https://www.googleapis.com/compute/v1/projects/scalewithlee/zones/us-central1-a/disks/server"
              }
            ],
            "can_ip_forward": true,
            "confidential_instance_config": [],
            "cpu_platform": "Intel Broadwell",
            "creation_timestamp": "2025-04-23T08:45:28.338-07:00",
            "current_status": "RUNNING",
            "deletion_protection": false,
            "description": "",
            "desired_status": null,
            "effective_labels": {
              "goog-terraform-provisioned": "true"
            },
            "enable_display": false,
            "guest_accelerator": [],
            "hostname": "",
            "id": "projects/scalewithlee/zones/us-central1-a/instances/server",
            "instance_encryption_key": [],
            "instance_id": "9107530600077899255",
            "key_revocation_action_type": "",
            "label_fingerprint": "vezUS-42LLM=",
            "labels": null,
            "machine_type": "e2-small",
            "metadata": {
              "ssh-keys": "kubernetes:ssh-rsa AAAAB3NzaC1yc2EAAAADAQABAAACAQD0fLBwZPe6QFVjIrLFV6J7NBAcq7RUYdcnpSmKmOElmy3hu8Qjl+rvTnQzrM7gY53joFHYAyp9ohP3XOLTRlYIFQ/VWEJmhg17/SthBLdwB4Xf6prpsOU6wfMpIUI85mns94qy9iM/VUBMI1NFzdLMx4EqM5M7fi43K1J/0ciJ6H+ETl62okQDgjwlUF3t4eVSp5pYuM1JARwKLLlDk4hIFJv2giF4fYb0JBeTOocfcYHdGPWfezM+25wNw5Nqre5iPAnU9or9fGUu+yPZai8MCg99S+zVc+cjsMe3TSFeACJmRdNvHCVMEV6J4HALlLPeu8ozOskYscZxuqEJGS4RG8LCsyusn7kAl8RZQf8Z6Bn/XVOVBS+aiDHSx9amOd95D4O5cmqe1bTzC3yiTDvtIM5tRXSNEcx7HBeeBV6/VAAxfukhRNqWjl9eHTyVBjN5byqHPiCWJwbQ0p07ngssmNNa+0xR+PaT1Ob5JDBuBYzI6CRo27IBkt9bhXjo8gHF0WfESHvPXyMgsE3KxBLoDv2Dl4jRFOlB7OnGoDrtQCfROUtFuaXLRomlySNuAkLzN5aaiDOCRkZSWHqjJ9oknxcyMD455rVlrmy/PRF0GtjSkVA6bh1MwIjUg7E3VPEI0BYYvx7+80/H82b3MBeacjc13gOpsCAkucfsofaTJw== leetgaines@gmail.com\n"
            },
            "metadata_fingerprint": "2Kw9Vi_QkDY=",
            "metadata_startup_script": null,
            "min_cpu_platform": "",
            "name": "server",
            "network_interface": [
              {
                "access_config": [
                  {
                    "nat_ip": "34.10.234.65",
                    "network_tier": "PREMIUM",
                    "public_ptr_domain_name": ""
                  }
                ],
                "alias_ip_range": [],
                "internal_ipv6_prefix_length": 0,
                "ipv6_access_config": [],
                "ipv6_access_type": "",
                "ipv6_address": "",
                "name": "nic0",
                "network": "https://www.googleapis.com/compute/v1/projects/scalewithlee/global/networks/kubernetes-the-hard-way",
                "network_attachment": "",
                "network_ip": "10.240.0.5",
                "nic_type": "",
                "queue_count": 0,
                "stack_type": "IPV4_ONLY",
                "subnetwork": "https://www.googleapis.com/compute/v1/projects/scalewithlee/regions/us-central1/subnetworks/kubernetes-the-hard-way-subnet",
                "subnetwork_project": "scalewithlee"
              }
            ],
            "network_performance_config": [],
            "params": [],
            "project": "scalewithlee",
            "reservation_affinity": [],
            "resource_policies": null,
            "scheduling": [
              {
                "automatic_restart": true,
                "availability_domain": 0,
                "instance_termination_action": "",
                "local_ssd_recovery_timeout": [],
                "max_run_duration": [],
                "min_node_cpus": 0,
                "node_affinities": [],
                "on_host_maintenance": "MIGRATE",
                "on_instance_stop_action": [],
                "preemptible": false,
                "provisioning_model": "STANDARD",
                "termination_time": ""
              }
            ],
            "scratch_disk": [],
            "self_link": "https://www.googleapis.com/compute/v1/projects/scalewithlee/zones/us-central1-a/instances/server",
            "service_account": [],
            "shielded_instance_config": [
              {
                "enable_integrity_monitoring": true,
                "enable_secure_boot": false,
                "enable_vtpm": true
              }
            ],
            "tags": [
              "controller"
            ],
            "tags_fingerprint": "e2aTiSrlOyM=",
            "terraform_labels": {
              "goog-terraform-provisioned": "true"
            },
            "timeouts": null,
            "zone": "us-central1-a"
          },
          "sensitive_attributes": [
            [
              {
                "type": "get_attr",
                "value": "boot_disk"
              },
              {
                "type": "index",
                "value": {
                  "value": 0,
                  "type": "number"
                }
              },
              {
                "type": "get_attr",
                "value": "disk_encryption_key_rsa"
              }
            ],
            [
              {
                "type": "get_attr",
                "value": "boot_disk"
              },
              {
                "type": "index",
                "value": {
                  "value": 0,
                  "type": "number"
                }
              },
              {
                "type": "get_attr",
                "value": "disk_encryption_key_raw"
              }
            ]
          ],
          "private": "eyJlMmJmYjczMC1lY2FhLTExZTYtOGY4OC0zNDM2M2JjN2M0YzAiOnsiY3JlYXRlIjoxMjAwMDAwMDAwMDAwLCJkZWxldGUiOjEyMDAwMDAwMDAwMDAsInVwZGF0ZSI6MTIwMDAwMDAwMDAwMH0sInNjaGVtYV92ZXJzaW9uIjoiNiJ9",
          "dependencies": [
            "module.instances.data.local_file.ssh_public_key",
            "module.network.google_compute_network.kubernetes_network",
            "module.network.google_compute_subnetwork.kubernetes_subnet"
          ]
        }
      ]
    },
    {
      "module": "module.network",
      "mode": "managed",
      "type": "google_compute_network",
      "name": "kubernetes_network",
      "provider": "provider[\"registry.terraform.io/hashicorp/google\"]",
      "instances": [
        {
          "schema_version": 0,
          "attributes": {
            "auto_create_subnetworks": false,
            "bgp_always_compare_med": false,
            "bgp_best_path_selection_mode": "LEGACY",
            "bgp_inter_region_cost": "",
            "delete_default_routes_on_create": false,
            "description": "",
            "enable_ula_internal_ipv6": false,
            "gateway_ipv4": "",
            "id": "projects/scalewithlee/global/networks/kubernetes-the-hard-way",
            "internal_ipv6_range": "",
            "mtu": 0,
            "name": "kubernetes-the-hard-way",
            "network_firewall_policy_enforcement_order": "AFTER_CLASSIC_FIREWALL",
            "network_id": "1043899427923997713",
            "network_profile": "",
            "numeric_id": "1043899427923997713",
            "project": "scalewithlee",
            "routing_mode": "REGIONAL",
            "self_link": "https://www.googleapis.com/compute/v1/projects/scalewithlee/global/networks/kubernetes-the-hard-way",
            "timeouts": null
          },
          "sensitive_attributes": [],
          "private": "eyJlMmJmYjczMC1lY2FhLTExZTYtOGY4OC0zNDM2M2JjN2M0YzAiOnsiY3JlYXRlIjoxMjAwMDAwMDAwMDAwLCJkZWxldGUiOjEyMDAwMDAwMDAwMDAsInVwZGF0ZSI6MTIwMDAwMDAwMDAwMH19"
        }
      ]
    },
    {
      "module": "module.network",
      "mode": "managed",
      "type": "google_compute_subnetwork",
      "name": "kubernetes_subnet",
      "provider": "provider[\"registry.terraform.io/hashicorp/google\"]",
      "instances": [
        {
          "schema_version": 0,
          "attributes": {
            "creation_timestamp": "2025-04-23T08:45:14.521-07:00",
            "description": "",
            "enable_flow_logs": false,
            "external_ipv6_prefix": "",
            "fingerprint": null,
            "gateway_address": "10.240.0.1",
            "id": "projects/scalewithlee/regions/us-central1/subnetworks/kubernetes-the-hard-way-subnet",
            "internal_ipv6_prefix": "",
            "ip_cidr_range": "10.240.0.0/24",
            "ip_collection": null,
            "ipv6_access_type": "",
            "ipv6_cidr_range": "",
            "ipv6_gce_endpoint": "",
            "log_config": [],
            "name": "kubernetes-the-hard-way-subnet",
            "network": "https://www.googleapis.com/compute/v1/projects/scalewithlee/global/networks/kubernetes-the-hard-way",
            "private_ip_google_access": false,
            "private_ipv6_google_access": "DISABLE_GOOGLE_ACCESS",
            "project": "scalewithlee",
            "purpose": "PRIVATE",
            "region": "us-central1",
            "reserved_internal_range": "",
            "role": "",
            "secondary_ip_range": [],
            "self_link": "https://www.googleapis.com/compute/v1/projects/scalewithlee/regions/us-central1/subnetworks/kubernetes-the-hard-way-subnet",
            "send_secondary_ip_range_if_empty": null,
            "stack_type": "IPV4_ONLY",
            "state": "",
            "subnetwork_id": 6318008440075892197,
            "timeouts": null
          },
          "sensitive_attributes": [],
          "private": "eyJlMmJmYjczMC1lY2FhLTExZTYtOGY4OC0zNDM2M2JjN2M0YzAiOnsiY3JlYXRlIjoxMjAwMDAwMDAwMDAwLCJkZWxldGUiOjEyMDAwMDAwMDAwMDAsInVwZGF0ZSI6MTIwMDAwMDAwMDAwMH19",
          "dependencies": [
            "module.network.google_compute_network.kubernetes_network"
          ]
        }
      ]
    }
  ],
  "check_results": null
}
